// !$*UTF8*$!
{
	archiveVersion = 1;
	classes = {
	};
	objectVersion = 50;
	objects = {

/* Begin PBXBuildFile section */
		814FBF93251230F9005A8D40 /* AfricaApp.swift in Sources */ = {isa = PBXBuildFile; fileRef = 814FBF92251230F9005A8D40 /* AfricaApp.swift */; };
		814FBF95251230F9005A8D40 /* ContentView.swift in Sources */ = {isa = PBXBuildFile; fileRef = 814FBF94251230F9005A8D40 /* ContentView.swift */; };
		814FBF97251230FA005A8D40 /* Assets.xcassets in Resources */ = {isa = PBXBuildFile; fileRef = 814FBF96251230FA005A8D40 /* Assets.xcassets */; };
		814FBF9A251230FA005A8D40 /* Preview Assets.xcassets in Resources */ = {isa = PBXBuildFile; fileRef = 814FBF99251230FA005A8D40 /* Preview Assets.xcassets */; };
		81B43827251245DE00DDB82B /* ostrich.mp4 in Resources */ = {isa = PBXBuildFile; fileRef = 81B4381D251245DC00DDB82B /* ostrich.mp4 */; };
		81B43828251245DE00DDB82B /* elephant.mp4 in Resources */ = {isa = PBXBuildFile; fileRef = 81B4381E251245DC00DDB82B /* elephant.mp4 */; };
		81B43829251245DE00DDB82B /* lioness.mp4 in Resources */ = {isa = PBXBuildFile; fileRef = 81B4381F251245DC00DDB82B /* lioness.mp4 */; };
		81B4382A251245DE00DDB82B /* lion.mp4 in Resources */ = {isa = PBXBuildFile; fileRef = 81B43820251245DD00DDB82B /* lion.mp4 */; };
		81B4382B251245DE00DDB82B /* giraffe.mp4 in Resources */ = {isa = PBXBuildFile; fileRef = 81B43821251245DD00DDB82B /* giraffe.mp4 */; };
		81B4382C251245DE00DDB82B /* gorilla.mp4 in Resources */ = {isa = PBXBuildFile; fileRef = 81B43822251245DD00DDB82B /* gorilla.mp4 */; };
		81B4382D251245DE00DDB82B /* hippo.mp4 in Resources */ = {isa = PBXBuildFile; fileRef = 81B43823251245DD00DDB82B /* hippo.mp4 */; };
		81B4382E251245DE00DDB82B /* rhino.mp4 in Resources */ = {isa = PBXBuildFile; fileRef = 81B43824251245DE00DDB82B /* rhino.mp4 */; };
		81B4382F251245DE00DDB82B /* zebra.mp4 in Resources */ = {isa = PBXBuildFile; fileRef = 81B43825251245DE00DDB82B /* zebra.mp4 */; };
		81B43830251245DE00DDB82B /* cheetah.mp4 in Resources */ = {isa = PBXBuildFile; fileRef = 81B43826251245DE00DDB82B /* cheetah.mp4 */; };
		81B438362512464C00DDB82B /* animals.json in Resources */ = {isa = PBXBuildFile; fileRef = 81B438322512464C00DDB82B /* animals.json */; };
		81B438372512464C00DDB82B /* videos.json in Resources */ = {isa = PBXBuildFile; fileRef = 81B438332512464C00DDB82B /* videos.json */; };
		81B438382512464C00DDB82B /* covers.json in Resources */ = {isa = PBXBuildFile; fileRef = 81B438342512464C00DDB82B /* covers.json */; };
		81B438392512464C00DDB82B /* locations.json in Resources */ = {isa = PBXBuildFile; fileRef = 81B438352512464C00DDB82B /* locations.json */; };
		81B4383D25124CA500DDB82B /* VideoListView.swift in Sources */ = {isa = PBXBuildFile; fileRef = 81B4383C25124CA500DDB82B /* VideoListView.swift */; };
		81B4383F25124D9100DDB82B /* MapView.swift in Sources */ = {isa = PBXBuildFile; fileRef = 81B4383E25124D9100DDB82B /* MapView.swift */; };
		81B4384125124E2400DDB82B /* GalleryView.swift in Sources */ = {isa = PBXBuildFile; fileRef = 81B4384025124E2400DDB82B /* GalleryView.swift */; };
		81B4384325124E7100DDB82B /* MainView.swift in Sources */ = {isa = PBXBuildFile; fileRef = 81B4384225124E7100DDB82B /* MainView.swift */; };
/* End PBXBuildFile section */

/* Begin PBXFileReference section */
		814FBF8F251230F9005A8D40 /* Africa.app */ = {isa = PBXFileReference; explicitFileType = wrapper.application; includeInIndex = 0; path = Africa.app; sourceTree = BUILT_PRODUCTS_DIR; };
		814FBF92251230F9005A8D40 /* AfricaApp.swift */ = {isa = PBXFileReference; lastKnownFileType = sourcecode.swift; path = AfricaApp.swift; sourceTree = "<group>"; };
		814FBF94251230F9005A8D40 /* ContentView.swift */ = {isa = PBXFileReference; lastKnownFileType = sourcecode.swift; path = ContentView.swift; sourceTree = "<group>"; };
		814FBF96251230FA005A8D40 /* Assets.xcassets */ = {isa = PBXFileReference; lastKnownFileType = folder.assetcatalog; path = Assets.xcassets; sourceTree = "<group>"; };
		814FBF99251230FA005A8D40 /* Preview Assets.xcassets */ = {isa = PBXFileReference; lastKnownFileType = folder.assetcatalog; path = "Preview Assets.xcassets"; sourceTree = "<group>"; };
		814FBF9B251230FA005A8D40 /* Info.plist */ = {isa = PBXFileReference; lastKnownFileType = text.plist.xml; path = Info.plist; sourceTree = "<group>"; };
		81B4381D251245DC00DDB82B /* ostrich.mp4 */ = {isa = PBXFileReference; lastKnownFileType = file; path = ostrich.mp4; sourceTree = "<group>"; };
		81B4381E251245DC00DDB82B /* elephant.mp4 */ = {isa = PBXFileReference; lastKnownFileType = file; path = elephant.mp4; sourceTree = "<group>"; };
		81B4381F251245DC00DDB82B /* lioness.mp4 */ = {isa = PBXFileReference; lastKnownFileType = file; path = lioness.mp4; sourceTree = "<group>"; };
		81B43820251245DD00DDB82B /* lion.mp4 */ = {isa = PBXFileReference; lastKnownFileType = file; path = lion.mp4; sourceTree = "<group>"; };
		81B43821251245DD00DDB82B /* giraffe.mp4 */ = {isa = PBXFileReference; lastKnownFileType = file; path = giraffe.mp4; sourceTree = "<group>"; };
		81B43822251245DD00DDB82B /* gorilla.mp4 */ = {isa = PBXFileReference; lastKnownFileType = file; path = gorilla.mp4; sourceTree = "<group>"; };
		81B43823251245DD00DDB82B /* hippo.mp4 */ = {isa = PBXFileReference; lastKnownFileType = file; path = hippo.mp4; sourceTree = "<group>"; };
		81B43824251245DE00DDB82B /* rhino.mp4 */ = {isa = PBXFileReference; lastKnownFileType = file; path = rhino.mp4; sourceTree = "<group>"; };
		81B43825251245DE00DDB82B /* zebra.mp4 */ = {isa = PBXFileReference; lastKnownFileType = file; path = zebra.mp4; sourceTree = "<group>"; };
		81B43826251245DE00DDB82B /* cheetah.mp4 */ = {isa = PBXFileReference; lastKnownFileType = file; path = cheetah.mp4; sourceTree = "<group>"; };
		81B438322512464C00DDB82B /* animals.json */ = {isa = PBXFileReference; fileEncoding = 4; lastKnownFileType = text.json; path = animals.json; sourceTree = "<group>"; };
		81B438332512464C00DDB82B /* videos.json */ = {isa = PBXFileReference; fileEncoding = 4; lastKnownFileType = text.json; path = videos.json; sourceTree = "<group>"; };
		81B438342512464C00DDB82B /* covers.json */ = {isa = PBXFileReference; fileEncoding = 4; lastKnownFileType = text.json; path = covers.json; sourceTree = "<group>"; };
		81B438352512464C00DDB82B /* locations.json */ = {isa = PBXFileReference; fileEncoding = 4; lastKnownFileType = text.json; path = locations.json; sourceTree = "<group>"; };
		81B4383C25124CA500DDB82B /* VideoListView.swift */ = {isa = PBXFileReference; lastKnownFileType = sourcecode.swift; path = VideoListView.swift; sourceTree = "<group>"; };
		81B4383E25124D9100DDB82B /* MapView.swift */ = {isa = PBXFileReference; lastKnownFileType = sourcecode.swift; path = MapView.swift; sourceTree = "<group>"; };
		81B4384025124E2400DDB82B /* GalleryView.swift */ = {isa = PBXFileReference; lastKnownFileType = sourcecode.swift; path = GalleryView.swift; sourceTree = "<group>"; };
		81B4384225124E7100DDB82B /* MainView.swift */ = {isa = PBXFileReference; lastKnownFileType = sourcecode.swift; path = MainView.swift; sourceTree = "<group>"; };
/* End PBXFileReference section */

/* Begin PBXFrameworksBuildPhase section */
		814FBF8C251230F9005A8D40 /* Frameworks */ = {
			isa = PBXFrameworksBuildPhase;
			buildActionMask = 2147483647;
			files = (
			);
			runOnlyForDeploymentPostprocessing = 0;
		};
/* End PBXFrameworksBuildPhase section */

/* Begin PBXGroup section */
		814FBF86251230F9005A8D40 = {
			isa = PBXGroup;
			children = (
				814FBF91251230F9005A8D40 /* Africa */,
				814FBF90251230F9005A8D40 /* Products */,
			);
			sourceTree = "<group>";
		};
		814FBF90251230F9005A8D40 /* Products */ = {
			isa = PBXGroup;
			children = (
				814FBF8F251230F9005A8D40 /* Africa.app */,
			);
			name = Products;
			sourceTree = "<group>";
		};
		814FBF91251230F9005A8D40 /* Africa */ = {
			isa = PBXGroup;
			children = (
				81B438312512460900DDB82B /* Data */,
				81B4381C2512459B00DDB82B /* Video */,
				81B4383B25124B3600DDB82B /* App */,
				814FBF96251230FA005A8D40 /* Assets.xcassets */,
				814FBF9B251230FA005A8D40 /* Info.plist */,
				814FBF98251230FA005A8D40 /* Preview Content */,
			);
			path = Africa;
			sourceTree = "<group>";
		};
		814FBF98251230FA005A8D40 /* Preview Content */ = {
			isa = PBXGroup;
			children = (
				814FBF99251230FA005A8D40 /* Preview Assets.xcassets */,
			);
			path = "Preview Content";
			sourceTree = "<group>";
		};
		81B4381C2512459B00DDB82B /* Video */ = {
			isa = PBXGroup;
			children = (
				81B43826251245DE00DDB82B /* cheetah.mp4 */,
				81B4381E251245DC00DDB82B /* elephant.mp4 */,
				81B43821251245DD00DDB82B /* giraffe.mp4 */,
				81B43822251245DD00DDB82B /* gorilla.mp4 */,
				81B43823251245DD00DDB82B /* hippo.mp4 */,
				81B43820251245DD00DDB82B /* lion.mp4 */,
				81B4381F251245DC00DDB82B /* lioness.mp4 */,
				81B4381D251245DC00DDB82B /* ostrich.mp4 */,
				81B43824251245DE00DDB82B /* rhino.mp4 */,
				81B43825251245DE00DDB82B /* zebra.mp4 */,
			);
			name = Video;
			sourceTree = "<group>";
		};
		81B438312512460900DDB82B /* Data */ = {
			isa = PBXGroup;
			children = (
				81B438322512464C00DDB82B /* animals.json */,
				81B438342512464C00DDB82B /* covers.json */,
				81B438352512464C00DDB82B /* locations.json */,
				81B438332512464C00DDB82B /* videos.json */,
			);
			path = Data;
			sourceTree = "<group>";
		};
		81B4383B25124B3600DDB82B /* App */ = {
			isa = PBXGroup;
			children = (
				814FBF92251230F9005A8D40 /* AfricaApp.swift */,
				814FBF94251230F9005A8D40 /* ContentView.swift */,
				81B4383C25124CA500DDB82B /* VideoListView.swift */,
				81B4383E25124D9100DDB82B /* MapView.swift */,
				81B4384025124E2400DDB82B /* GalleryView.swift */,
				81B4384225124E7100DDB82B /* MainView.swift */,
			);
			path = App;
			sourceTree = "<group>";
		};
/* End PBXGroup section */

/* Begin PBXNativeTarget section */
		814FBF8E251230F9005A8D40 /* Africa */ = {
			isa = PBXNativeTarget;
			buildConfigurationList = 814FBF9E251230FA005A8D40 /* Build configuration list for PBXNativeTarget "Africa" */;
			buildPhases = (
				814FBF8B251230F9005A8D40 /* Sources */,
				814FBF8C251230F9005A8D40 /* Frameworks */,
				814FBF8D251230F9005A8D40 /* Resources */,
			);
			buildRules = (
			);
			dependencies = (
			);
			name = Africa;
			productName = Africa;
			productReference = 814FBF8F251230F9005A8D40 /* Africa.app */;
			productType = "com.apple.product-type.application";
		};
/* End PBXNativeTarget section */

/* Begin PBXProject section */
		814FBF87251230F9005A8D40 /* Project object */ = {
			isa = PBXProject;
			attributes = {
				LastSwiftUpdateCheck = 1200;
				LastUpgradeCheck = 1200;
				TargetAttributes = {
					814FBF8E251230F9005A8D40 = {
						CreatedOnToolsVersion = 12.0;
					};
				};
			};
			buildConfigurationList = 814FBF8A251230F9005A8D40 /* Build configuration list for PBXProject "Africa" */;
			compatibilityVersion = "Xcode 9.3";
			developmentRegion = en;
			hasScannedForEncodings = 0;
			knownRegions = (
				en,
				Base,
			);
			mainGroup = 814FBF86251230F9005A8D40;
			productRefGroup = 814FBF90251230F9005A8D40 /* Products */;
			projectDirPath = "";
			projectRoot = "";
			targets = (
				814FBF8E251230F9005A8D40 /* Africa */,
			);
		};
/* End PBXProject section */

/* Begin PBXResourcesBuildPhase section */
		814FBF8D251230F9005A8D40 /* Resources */ = {
			isa = PBXResourcesBuildPhase;
			buildActionMask = 2147483647;
			files = (
				81B43828251245DE00DDB82B /* elephant.mp4 in Resources */,
				81B4382D251245DE00DDB82B /* hippo.mp4 in Resources */,
				81B438392512464C00DDB82B /* locations.json in Resources */,
				81B4382A251245DE00DDB82B /* lion.mp4 in Resources */,
				81B438372512464C00DDB82B /* videos.json in Resources */,
				81B43827251245DE00DDB82B /* ostrich.mp4 in Resources */,
				81B43829251245DE00DDB82B /* lioness.mp4 in Resources */,
				81B4382C251245DE00DDB82B /* gorilla.mp4 in Resources */,
				81B4382F251245DE00DDB82B /* zebra.mp4 in Resources */,
				81B438362512464C00DDB82B /* animals.json in Resources */,
				814FBF9A251230FA005A8D40 /* Preview Assets.xcassets in Resources */,
				81B438382512464C00DDB82B /* covers.json in Resources */,
				81B43830251245DE00DDB82B /* cheetah.mp4 in Resources */,
				81B4382B251245DE00DDB82B /* giraffe.mp4 in Resources */,
				81B4382E251245DE00DDB82B /* rhino.mp4 in Resources */,
				814FBF97251230FA005A8D40 /* Assets.xcassets in Resources */,
			);
			runOnlyForDeploymentPostprocessing = 0;
		};
/* End PBXResourcesBuildPhase section */

/* Begin PBXSourcesBuildPhase section */
		814FBF8B251230F9005A8D40 /* Sources */ = {
			isa = PBXSourcesBuildPhase;
			buildActionMask = 2147483647;
			files = (
				814FBF95251230F9005A8D40 /* ContentView.swift in Sources */,
				81B4384325124E7100DDB82B /* MainView.swift in Sources */,
				81B4383F25124D9100DDB82B /* MapView.swift in Sources */,
				814FBF93251230F9005A8D40 /* AfricaApp.swift in Sources */,
				81B4383D25124CA500DDB82B /* VideoListView.swift in Sources */,
				81B4384125124E2400DDB82B /* GalleryView.swift in Sources */,
			);
			runOnlyForDeploymentPostprocessing = 0;
		};
/* End PBXSourcesBuildPhase section */

/* Begin XCBuildConfiguration section */
		814FBF9C251230FA005A8D40 /* Debug */ = {
			isa = XCBuildConfiguration;
			buildSettings = {
				ALWAYS_SEARCH_USER_PATHS = NO;
				CLANG_ANALYZER_NONNULL = YES;
				CLANG_ANALYZER_NUMBER_OBJECT_CONVERSION = YES_AGGRESSIVE;
				CLANG_CXX_LANGUAGE_STANDARD = "gnu++14";
				CLANG_CXX_LIBRARY = "libc++";
				CLANG_ENABLE_MODULES = YES;
				CLANG_ENABLE_OBJC_ARC = YES;
				CLANG_ENABLE_OBJC_WEAK = YES;
				CLANG_WARN_BLOCK_CAPTURE_AUTORELEASING = YES;
				CLANG_WARN_BOOL_CONVERSION = YES;
				CLANG_WARN_COMMA = YES;
				CLANG_WARN_CONSTANT_CONVERSION = YES;
				CLANG_WARN_DEPRECATED_OBJC_IMPLEMENTATIONS = YES;
				CLANG_WARN_DIRECT_OBJC_ISA_USAGE = YES_ERROR;
				CLANG_WARN_DOCUMENTATION_COMMENTS = YES;
				CLANG_WARN_EMPTY_BODY = YES;
				CLANG_WARN_ENUM_CONVERSION = YES;
				CLANG_WARN_INFINITE_RECURSION = YES;
				CLANG_WARN_INT_CONVERSION = YES;
				CLANG_WARN_NON_LITERAL_NULL_CONVERSION = YES;
				CLANG_WARN_OBJC_IMPLICIT_RETAIN_SELF = YES;
				CLANG_WARN_OBJC_LITERAL_CONVERSION = YES;
				CLANG_WARN_OBJC_ROOT_CLASS = YES_ERROR;
				CLANG_WARN_QUOTED_INCLUDE_IN_FRAMEWORK_HEADER = YES;
				CLANG_WARN_RANGE_LOOP_ANALYSIS = YES;
				CLANG_WARN_STRICT_PROTOTYPES = YES;
				CLANG_WARN_SUSPICIOUS_MOVE = YES;
				CLANG_WARN_UNGUARDED_AVAILABILITY = YES_AGGRESSIVE;
				CLANG_WARN_UNREACHABLE_CODE = YES;
				CLANG_WARN__DUPLICATE_METHOD_MATCH = YES;
				COPY_PHASE_STRIP = NO;
				DEBUG_INFORMATION_FORMAT = dwarf;
				ENABLE_STRICT_OBJC_MSGSEND = YES;
				ENABLE_TESTABILITY = YES;
				GCC_C_LANGUAGE_STANDARD = gnu11;
				GCC_DYNAMIC_NO_PIC = NO;
				GCC_NO_COMMON_BLOCKS = YES;
				GCC_OPTIMIZATION_LEVEL = 0;
				GCC_PREPROCESSOR_DEFINITIONS = (
					"DEBUG=1",
					"$(inherited)",
				);
				GCC_WARN_64_TO_32_BIT_CONVERSION = YES;
				GCC_WARN_ABOUT_RETURN_TYPE = YES_ERROR;
				GCC_WARN_UNDECLARED_SELECTOR = YES;
				GCC_WARN_UNINITIALIZED_AUTOS = YES_AGGRESSIVE;
				GCC_WARN_UNUSED_FUNCTION = YES;
				GCC_WARN_UNUSED_VARIABLE = YES;
				IPHONEOS_DEPLOYMENT_TARGET = 14.0;
				MTL_ENABLE_DEBUG_INFO = INCLUDE_SOURCE;
				MTL_FAST_MATH = YES;
				ONLY_ACTIVE_ARCH = YES;
				SDKROOT = iphoneos;
				SWIFT_ACTIVE_COMPILATION_CONDITIONS = DEBUG;
				SWIFT_OPTIMIZATION_LEVEL = "-Onone";
			};
			name = Debug;
		};
		814FBF9D251230FA005A8D40 /* Release */ = {
			isa = XCBuildConfiguration;
			buildSettings = {
				ALWAYS_SEARCH_USER_PATHS = NO;
				CLANG_ANALYZER_NONNULL = YES;
				CLANG_ANALYZER_NUMBER_OBJECT_CONVERSION = YES_AGGRESSIVE;
				CLANG_CXX_LANGUAGE_STANDARD = "gnu++14";
				CLANG_CXX_LIBRARY = "libc++";
				CLANG_ENABLE_MODULES = YES;
				CLANG_ENABLE_OBJC_ARC = YES;
				CLANG_ENABLE_OBJC_WEAK = YES;
				CLANG_WARN_BLOCK_CAPTURE_AUTORELEASING = YES;
				CLANG_WARN_BOOL_CONVERSION = YES;
				CLANG_WARN_COMMA = YES;
				CLANG_WARN_CONSTANT_CONVERSION = YES;
				CLANG_WARN_DEPRECATED_OBJC_IMPLEMENTATIONS = YES;
				CLANG_WARN_DIRECT_OBJC_ISA_USAGE = YES_ERROR;
				CLANG_WARN_DOCUMENTATION_COMMENTS = YES;
				CLANG_WARN_EMPTY_BODY = YES;
				CLANG_WARN_ENUM_CONVERSION = YES;
				CLANG_WARN_INFINITE_RECURSION = YES;
				CLANG_WARN_INT_CONVERSION = YES;
				CLANG_WARN_NON_LITERAL_NULL_CONVERSION = YES;
				CLANG_WARN_OBJC_IMPLICIT_RETAIN_SELF = YES;
				CLANG_WARN_OBJC_LITERAL_CONVERSION = YES;
				CLANG_WARN_OBJC_ROOT_CLASS = YES_ERROR;
				CLANG_WARN_QUOTED_INCLUDE_IN_FRAMEWORK_HEADER = YES;
				CLANG_WARN_RANGE_LOOP_ANALYSIS = YES;
				CLANG_WARN_STRICT_PROTOTYPES = YES;
				CLANG_WARN_SUSPICIOUS_MOVE = YES;
				CLANG_WARN_UNGUARDED_AVAILABILITY = YES_AGGRESSIVE;
				CLANG_WARN_UNREACHABLE_CODE = YES;
				CLANG_WARN__DUPLICATE_METHOD_MATCH = YES;
				COPY_PHASE_STRIP = NO;
				DEBUG_INFORMATION_FORMAT = "dwarf-with-dsym";
				ENABLE_NS_ASSERTIONS = NO;
				ENABLE_STRICT_OBJC_MSGSEND = YES;
				GCC_C_LANGUAGE_STANDARD = gnu11;
				GCC_NO_COMMON_BLOCKS = YES;
				GCC_WARN_64_TO_32_BIT_CONVERSION = YES;
				GCC_WARN_ABOUT_RETURN_TYPE = YES_ERROR;
				GCC_WARN_UNDECLARED_SELECTOR = YES;
				GCC_WARN_UNINITIALIZED_AUTOS = YES_AGGRESSIVE;
				GCC_WARN_UNUSED_FUNCTION = YES;
				GCC_WARN_UNUSED_VARIABLE = YES;
				IPHONEOS_DEPLOYMENT_TARGET = 14.0;
				MTL_ENABLE_DEBUG_INFO = NO;
				MTL_FAST_MATH = YES;
				SDKROOT = iphoneos;
				SWIFT_COMPILATION_MODE = wholemodule;
				SWIFT_OPTIMIZATION_LEVEL = "-O";
				VALIDATE_PRODUCT = YES;
			};
			name = Release;
		};
		814FBF9F251230FA005A8D40 /* Debug */ = {
			isa = XCBuildConfiguration;
			buildSettings = {
				ASSETCATALOG_COMPILER_APPICON_NAME = AppIcon;
				ASSETCATALOG_COMPILER_GLOBAL_ACCENT_COLOR_NAME = AccentColor;
				CODE_SIGN_STYLE = Automatic;
				DEVELOPMENT_ASSET_PATHS = "\"Africa/Preview Content\"";
				DEVELOPMENT_TEAM = SPAUA3R9XX;
				ENABLE_PREVIEWS = YES;
				INFOPLIST_FILE = Africa/Info.plist;
				IPHONEOS_DEPLOYMENT_TARGET = 14.0;
				LD_RUNPATH_SEARCH_PATHS = (
					"$(inherited)",
					"@executable_path/Frameworks",
				);
				PRODUCT_BUNDLE_IDENTIFIER = "egorovmikhail-bk.ru.Africa";
				PRODUCT_NAME = "$(TARGET_NAME)";
				SWIFT_VERSION = 5.0;
				TARGETED_DEVICE_FAMILY = "1,2";
			};
			name = Debug;
		};
		814FBFA0251230FA005A8D40 /* Release */ = {
			isa = XCBuildConfiguration;
			buildSettings = {
				ASSETCATALOG_COMPILER_APPICON_NAME = AppIcon;
				ASSETCATALOG_COMPILER_GLOBAL_ACCENT_COLOR_NAME = AccentColor;
				CODE_SIGN_STYLE = Automatic;
				DEVELOPMENT_ASSET_PATHS = "\"Africa/Preview Content\"";
				DEVELOPMENT_TEAM = SPAUA3R9XX;
				ENABLE_PREVIEWS = YES;
				INFOPLIST_FILE = Africa/Info.plist;
				IPHONEOS_DEPLOYMENT_TARGET = 14.0;
				LD_RUNPATH_SEARCH_PATHS = (
					"$(inherited)",
					"@executable_path/Frameworks",
				);
				PRODUCT_BUNDLE_IDENTIFIER = "egorovmikhail-bk.ru.Africa";
				PRODUCT_NAME = "$(TARGET_NAME)";
				SWIFT_VERSION = 5.0;
				TARGETED_DEVICE_FAMILY = "1,2";
			};
			name = Release;
		};
/* End XCBuildConfiguration section */

/* Begin XCConfigurationList section */
		814FBF8A251230F9005A8D40 /* Build configuration list for PBXProject "Africa" */ = {
			isa = XCConfigurationList;
			buildConfigurations = (
				814FBF9C251230FA005A8D40 /* Debug */,
				814FBF9D251230FA005A8D40 /* Release */,
			);
			defaultConfigurationIsVisible = 0;
			defaultConfigurationName = Release;
		};
		814FBF9E251230FA005A8D40 /* Build configuration list for PBXNativeTarget "Africa" */ = {
			isa = XCConfigurationList;
			buildConfigurations = (
				814FBF9F251230FA005A8D40 /* Debug */,
				814FBFA0251230FA005A8D40 /* Release */,
			);
			defaultConfigurationIsVisible = 0;
			defaultConfigurationName = Release;
		};
/* End XCConfigurationList section */
	};
	rootObject = 814FBF87251230F9005A8D40 /* Project object */;
}
